
Microsoft Visual Studio Solution File, Format Version 12.00
# Visual Studio 2013
VisualStudioVersion = 12.0.31101.0
MinimumVisualStudioVersion = 10.0.40219.1
Project("{FAE04EC0-301F-11D3-BF4B-00C04F79EFBC}") = "JQueryRelated", "JQueryRelated\JQueryRelated.csproj", "{7A899A64-A705-4242-815E-E5A90AF7B8CE}"
EndProject
Global
	GlobalSection(SolutionConfigurationPlatforms) = preSolution
		Debug|Any CPU = Debug|Any CPU
		Release|Any CPU = Release|Any CPU
	EndGlobalSection
	GlobalSection(ProjectConfigurationPlatforms) = postSolution
		{7A899A64-A705-4242-815E-E5A90AF7B8CE}.Debug|Any CPU.ActiveCfg = Debug|Any CPU
		{7A899A64-A705-4242-815E-E5A90AF7B8CE}.Debug|Any CPU.Build.0 = Debug|Any CPU
		{7A899A64-A705-4242-815E-E5A90AF7B8CE}.Release|Any CPU.ActiveCfg = Release|Any CPU
		{7A899A64-A705-4242-815E-E5A90AF7B8CE}.Release|Any CPU.Build.0 = Release|Any CPU
	EndGlobalSection
	GlobalSection(SolutionProperties) = preSolution
		HideSolutionNode = FALSE
	EndGlobalSection
EndGlobal
